# THIS IS AN AUTOGENERATED FILE. DO NOT EDIT THIS FILE DIRECTLY.
# yarn lockfile v1


google-protobuf@^3.2.0:
  version "3.4.0"
  resolved "https://registry.yarnpkg.com/google-protobuf/-/google-protobuf-3.4.0.tgz#58fbe51555a0a56b2dd3fc6f6d869fa21d57ab0a"

ts-protoc-gen@^0.4.0:
  version "0.4.0"
  resolved "https://registry.yarnpkg.com/ts-protoc-gen/-/ts-protoc-gen-0.4.0.tgz#e08e6cfec55ff4bf87bf02f72075199c871e001f"
  dependencies:
    google-protobuf "^3.2.0"
